
Microsoft Visual Studio Solution File, Format Version 12.00
# Visual Studio 14
VisualStudioVersion = 14.0.23107.0
MinimumVisualStudioVersion = 10.0.40219.1
Project("{FAE04EC0-301F-11D3-BF4B-00C04F79EFBC}") = "WareHouseSchool_Service", "WareHouseSchool_Service\WareHouseSchool_Service.csproj", "{A0A3CFF1-7927-45FF-8DA1-62277BAE42AF}"
EndProject
Global
	GlobalSection(SolutionConfigurationPlatforms) = preSolution
		Debug|Any CPU = Debug|Any CPU
		Release|Any CPU = Release|Any CPU
	EndGlobalSection
	GlobalSection(ProjectConfigurationPlatforms) = postSolution
		{A0A3CFF1-7927-45FF-8DA1-62277BAE42AF}.Debug|Any CPU.ActiveCfg = Debug|Any CPU
		{A0A3CFF1-7927-45FF-8DA1-62277BAE42AF}.Debug|Any CPU.Build.0 = Debug|Any CPU
		{A0A3CFF1-7927-45FF-8DA1-62277BAE42AF}.Release|Any CPU.ActiveCfg = Release|Any CPU
		{A0A3CFF1-7927-45FF-8DA1-62277BAE42AF}.Release|Any CPU.Build.0 = Release|Any CPU
	EndGlobalSection
	GlobalSection(SolutionProperties) = preSolution
		HideSolutionNode = FALSE
	EndGlobalSection
EndGlobal
